// !$*UTF8*$!
{
	archiveVersion = 1;
	classes = {
	};
	objectVersion = 77;
	objects = {

/* Begin PBXContainerItemProxy section */
		9878F6692CED0A2100172B5B /* PBXContainerItemProxy */ = {
			isa = PBXContainerItemProxy;
			containerPortal = 9878F64C2CED0A1F00172B5B /* Project object */;
			proxyType = 1;
			remoteGlobalIDString = 9878F6532CED0A1F00172B5B;
			remoteInfo = Forecastly;
		};
		9878F6732CED0A2100172B5B /* PBXContainerItemProxy */ = {
			isa = PBXContainerItemProxy;
			containerPortal = 9878F64C2CED0A1F00172B5B /* Project object */;
			proxyType = 1;
			remoteGlobalIDString = 9878F6532CED0A1F00172B5B;
			remoteInfo = Forecastly;
		};
/* End PBXContainerItemProxy section */

/* Begin PBXFileReference section */
		9878F6542CED0A1F00172B5B /* Forecastly.app */ = {isa = PBXFileReference; explicitFileType = wrapper.application; includeInIndex = 0; path = Forecastly.app; sourceTree = BUILT_PRODUCTS_DIR; };
		9878F6682CED0A2100172B5B /* ForecastlyTests.xctest */ = {isa = PBXFileReference; explicitFileType = wrapper.cfbundle; includeInIndex = 0; path = ForecastlyTests.xctest; sourceTree = BUILT_PRODUCTS_DIR; };
		9878F6722CED0A2100172B5B /* ForecastlyUITests.xctest */ = {isa = PBXFileReference; explicitFileType = wrapper.cfbundle; includeInIndex = 0; path = ForecastlyUITests.xctest; sourceTree = BUILT_PRODUCTS_DIR; };
/* End PBXFileReference section */

/* Begin PBXFileSystemSynchronizedBuildFileExceptionSet section */
		9878F67A2CED0A2100172B5B /* Exceptions for "Forecastly" folder in "Forecastly" target */ = {
			isa = PBXFileSystemSynchronizedBuildFileExceptionSet;
			membershipExceptions = (
				Info.plist,
			);
			target = 9878F6532CED0A1F00172B5B /* Forecastly */;
		};
/* End PBXFileSystemSynchronizedBuildFileExceptionSet section */

/* Begin PBXFileSystemSynchronizedRootGroup section */
		9878F6562CED0A1F00172B5B /* Forecastly */ = {
			isa = PBXFileSystemSynchronizedRootGroup;
			exceptions = (
				9878F67A2CED0A2100172B5B /* Exceptions for "Forecastly" folder in "Forecastly" target */,
			);
			path = Forecastly;
			sourceTree = "<group>";
		};
		9878F66B2CED0A2100172B5B /* ForecastlyTests */ = {
			isa = PBXFileSystemSynchronizedRootGroup;
			path = ForecastlyTests;
			sourceTree = "<group>";
		};
		9878F6752CED0A2100172B5B /* ForecastlyUITests */ = {
			isa = PBXFileSystemSynchronizedRootGroup;
			path = ForecastlyUITests;
			sourceTree = "<group>";
		};
/* End PBXFileSystemSynchronizedRootGroup section */

/* Begin PBXFrameworksBuildPhase section */
		9878F6512CED0A1F00172B5B /* Frameworks */ = {
			isa = PBXFrameworksBuildPhase;
			buildActionMask = 2147483647;
			files = (
			);
			runOnlyForDeploymentPostprocessing = 0;
		};
		9878F6652CED0A2100172B5B /* Frameworks */ = {
			isa = PBXFrameworksBuildPhase;
			buildActionMask = 2147483647;
			files = (
			);
			runOnlyForDeploymentPostprocessing = 0;
		};
		9878F66F2CED0A2100172B5B /* Frameworks */ = {
			isa = PBXFrameworksBuildPhase;
			buildActionMask = 2147483647;
			files = (
			);
			runOnlyForDeploymentPostprocessing = 0;
		};
/* End PBXFrameworksBuildPhase section */

/* Begin PBXGroup section */
		9878F64B2CED0A1F00172B5B = {
			isa = PBXGroup;
			children = (
				9878F6562CED0A1F00172B5B /* Forecastly */,
				9878F66B2CED0A2100172B5B /* ForecastlyTests */,
				9878F6752CED0A2100172B5B /* ForecastlyUITests */,
				9878F6552CED0A1F00172B5B /* Products */,
			);
			sourceTree = "<group>";
		};
		9878F6552CED0A1F00172B5B /* Products */ = {
			isa = PBXGroup;
			children = (
				9878F6542CED0A1F00172B5B /* Forecastly.app */,
				9878F6682CED0A2100172B5B /* ForecastlyTests.xctest */,
				9878F6722CED0A2100172B5B /* ForecastlyUITests.xctest */,
			);
			name = Products;
			sourceTree = "<group>";
		};
/* End PBXGroup section */

/* Begin PBXNativeTarget section */
		9878F6532CED0A1F00172B5B /* Forecastly */ = {
			isa = PBXNativeTarget;
			buildConfigurationList = 9878F67B2CED0A2100172B5B /* Build configuration list for PBXNativeTarget "Forecastly" */;
			buildPhases = (
				9878F6502CED0A1F00172B5B /* Sources */,
				9878F6512CED0A1F00172B5B /* Frameworks */,
				9878F6522CED0A1F00172B5B /* Resources */,
			);
			buildRules = (
			);
			dependencies = (
			);
			fileSystemSynchronizedGroups = (
				9878F6562CED0A1F00172B5B /* Forecastly */,
			);
			name = Forecastly;
			packageProductDependencies = (
			);
			productName = Forecastly;
			productReference = 9878F6542CED0A1F00172B5B /* Forecastly.app */;
			productType = "com.apple.product-type.application";
		};
		9878F6672CED0A2100172B5B /* ForecastlyTests */ = {
			isa = PBXNativeTarget;
			buildConfigurationList = 9878F6802CED0A2100172B5B /* Build configuration list for PBXNativeTarget "ForecastlyTests" */;
			buildPhases = (
				9878F6642CED0A2100172B5B /* Sources */,
				9878F6652CED0A2100172B5B /* Frameworks */,
				9878F6662CED0A2100172B5B /* Resources */,
			);
			buildRules = (
			);
			dependencies = (
				9878F66A2CED0A2100172B5B /* PBXTargetDependency */,
			);
			fileSystemSynchronizedGroups = (
				9878F66B2CED0A2100172B5B /* ForecastlyTests */,
			);
			name = ForecastlyTests;
			packageProductDependencies = (
			);
			productName = ForecastlyTests;
			productReference = 9878F6682CED0A2100172B5B /* ForecastlyTests.xctest */;
			productType = "com.apple.product-type.bundle.unit-test";
		};
		9878F6712CED0A2100172B5B /* ForecastlyUITests */ = {
			isa = PBXNativeTarget;
			buildConfigurationList = 9878F6832CED0A2100172B5B /* Build configuration list for PBXNativeTarget "ForecastlyUITests" */;
			buildPhases = (
				9878F66E2CED0A2100172B5B /* Sources */,
				9878F66F2CED0A2100172B5B /* Frameworks */,
				9878F6702CED0A2100172B5B /* Resources */,
			);
			buildRules = (
			);
			dependencies = (
				9878F6742CED0A2100172B5B /* PBXTargetDependency */,
			);
			fileSystemSynchronizedGroups = (
				9878F6752CED0A2100172B5B /* ForecastlyUITests */,
			);
			name = ForecastlyUITests;
			packageProductDependencies = (
			);
			productName = ForecastlyUITests;
			productReference = 9878F6722CED0A2100172B5B /* ForecastlyUITests.xctest */;
			productType = "com.apple.product-type.bundle.ui-testing";
		};
/* End PBXNativeTarget section */

/* Begin PBXProject section */
		9878F64C2CED0A1F00172B5B /* Project object */ = {
			isa = PBXProject;
			attributes = {
				BuildIndependentTargetsInParallel = 1;
				LastSwiftUpdateCheck = 1600;
				LastUpgradeCheck = 1600;
				TargetAttributes = {
					9878F6532CED0A1F00172B5B = {
						CreatedOnToolsVersion = 16.0;
					};
					9878F6672CED0A2100172B5B = {
						CreatedOnToolsVersion = 16.0;
						TestTargetID = 9878F6532CED0A1F00172B5B;
					};
					9878F6712CED0A2100172B5B = {
						CreatedOnToolsVersion = 16.0;
						TestTargetID = 9878F6532CED0A1F00172B5B;
					};
				};
			};
			buildConfigurationList = 9878F64F2CED0A1F00172B5B /* Build configuration list for PBXProject "Forecastly" */;
			developmentRegion = en;
			hasScannedForEncodings = 0;
			knownRegions = (
				en,
				Base,
			);
			mainGroup = 9878F64B2CED0A1F00172B5B;
			minimizedProjectReferenceProxies = 1;
			preferredProjectObjectVersion = 77;
			productRefGroup = 9878F6552CED0A1F00172B5B /* Products */;
			projectDirPath = "";
			projectRoot = "";
			targets = (
				9878F6532CED0A1F00172B5B /* Forecastly */,
				9878F6672CED0A2100172B5B /* ForecastlyTests */,
				9878F6712CED0A2100172B5B /* ForecastlyUITests */,
			);
		};
/* End PBXProject section */

/* Begin PBXResourcesBuildPhase section */
		9878F6522CED0A1F00172B5B /* Resources */ = {
			isa = PBXResourcesBuildPhase;
			buildActionMask = 2147483647;
			files = (
			);
			runOnlyForDeploymentPostprocessing = 0;
		};
		9878F6662CED0A2100172B5B /* Resources */ = {
			isa = PBXResourcesBuildPhase;
			buildActionMask = 2147483647;
			files = (
			);
			runOnlyForDeploymentPostprocessing = 0;
		};
		9878F6702CED0A2100172B5B /* Resources */ = {
			isa = PBXResourcesBuildPhase;
			buildActionMask = 2147483647;
			files = (
			);
			runOnlyForDeploymentPostprocessing = 0;
		};
/* End PBXResourcesBuildPhase section */

/* Begin PBXSourcesBuildPhase section */
		9878F6502CED0A1F00172B5B /* Sources */ = {
			isa = PBXSourcesBuildPhase;
			buildActionMask = 2147483647;
			files = (
			);
			runOnlyForDeploymentPostprocessing = 0;
		};
		9878F6642CED0A2100172B5B /* Sources */ = {
			isa = PBXSourcesBuildPhase;
			buildActionMask = 2147483647;
			files = (
			);
			runOnlyForDeploymentPostprocessing = 0;
		};
		9878F66E2CED0A2100172B5B /* Sources */ = {
			isa = PBXSourcesBuildPhase;
			buildActionMask = 2147483647;
			files = (
			);
			runOnlyForDeploymentPostprocessing = 0;
		};
/* End PBXSourcesBuildPhase section */

/* Begin PBXTargetDependency section */
		9878F66A2CED0A2100172B5B /* PBXTargetDependency */ = {
			isa = PBXTargetDependency;
			target = 9878F6532CED0A1F00172B5B /* Forecastly */;
			targetProxy = 9878F6692CED0A2100172B5B /* PBXContainerItemProxy */;
		};
		9878F6742CED0A2100172B5B /* PBXTargetDependency */ = {
			isa = PBXTargetDependency;
			target = 9878F6532CED0A1F00172B5B /* Forecastly */;
			targetProxy = 9878F6732CED0A2100172B5B /* PBXContainerItemProxy */;
		};
/* End PBXTargetDependency section */

/* Begin XCBuildConfiguration section */
		9878F67C2CED0A2100172B5B /* Debug */ = {
			isa = XCBuildConfiguration;
			buildSettings = {
				ASSETCATALOG_COMPILER_APPICON_NAME = AppIcon;
				ASSETCATALOG_COMPILER_GLOBAL_ACCENT_COLOR_NAME = AccentColor;
				CODE_SIGN_ENTITLEMENTS = Forecastly/Forecastly.entitlements;
				CODE_SIGN_STYLE = Automatic;
				CURRENT_PROJECT_VERSION = 1;
				DEVELOPMENT_ASSET_PATHS = "\"Forecastly/Preview Content\"";
				DEVELOPMENT_TEAM = 9B6579F2U5;
				ENABLE_PREVIEWS = YES;
				GENERATE_INFOPLIST_FILE = YES;
				INFOPLIST_FILE = Forecastly/Info.plist;
				INFOPLIST_KEY_LSApplicationCategoryType = "public.app-category.weather";
				INFOPLIST_KEY_NSLocationWhenInUseUsageDescription = "We need your location to provide accurate weather forecasts.";
				INFOPLIST_KEY_UIApplicationSceneManifest_Generation = YES;
				INFOPLIST_KEY_UIApplicationSupportsIndirectInputEvents = YES;
				INFOPLIST_KEY_UILaunchScreen_Generation = YES;
				INFOPLIST_KEY_UISupportedInterfaceOrientations = "UIInterfaceOrientationLandscapeLeft UIInterfaceOrientationLandscapeRight UIInterfaceOrientationPortrait";
				INFOPLIST_KEY_UISupportedInterfaceOrientations_iPad = UIInterfaceOrientationPortrait;
				IPHONEOS_DEPLOYMENT_TARGET = 17.6;
				LD_RUNPATH_SEARCH_PATHS = (
					"$(inherited)",
					"@executable_path/Frameworks",
				);
				MARKETING_VERSION = 1.0;
				PRODUCT_BUNDLE_IDENTIFIER = com.amorim.Forecastly;
				PRODUCT_NAME = "$(TARGET_NAME)";
				SUPPORTED_PLATFORMS = "iphoneos iphonesimulator";
				SUPPORTS_MACCATALYST = NO;
				SUPPORTS_MAC_DESIGNED_FOR_IPHONE_IPAD = NO;
				SUPPORTS_XR_DESIGNED_FOR_IPHONE_IPAD = NO;
				SWIFT_EMIT_LOC_STRINGS = YES;
				SWIFT_VERSION = 5.0;
				TARGETED_DEVICE_FAMILY = 1;
			};
			name = Debug;
		};
		9878F67D2CED0A2100172B5B /* Release */ = {
			isa = XCBuildConfiguration;
			buildSettings = {
				ASSETCATALOG_COMPILER_APPICON_NAME = AppIcon;
				ASSETCATALOG_COMPILER_GLOBAL_ACCENT_COLOR_NAME = AccentColor;
				CODE_SIGN_ENTITLEMENTS = Forecastly/Forecastly.entitlements;
				CODE_SIGN_STYLE = Automatic;
				CURRENT_PROJECT_VERSION = 1;
				DEVELOPMENT_ASSET_PATHS = "\"Forecastly/Preview Content\"";
				DEVELOPMENT_TEAM = 9B6579F2U5;
				ENABLE_PREVIEWS = YES;
				GENERATE_INFOPLIST_FILE = YES;
				INFOPLIST_FILE = Forecastly/Info.plist;
				INFOPLIST_KEY_LSApplicationCategoryType = "public.app-category.weather";
				INFOPLIST_KEY_NSLocationWhenInUseUsageDescription = "We need your location to provide accurate weather forecasts.";
				INFOPLIST_KEY_UIApplicationSceneManifest_Generation = YES;
				INFOPLIST_KEY_UIApplicationSupportsIndirectInputEvents = YES;
				INFOPLIST_KEY_UILaunchScreen_Generation = YES;
				INFOPLIST_KEY_UISupportedInterfaceOrientations = "UIInterfaceOrientationLandscapeLeft UIInterfaceOrientationLandscapeRight UIInterfaceOrientationPortrait";
				INFOPLIST_KEY_UISupportedInterfaceOrientations_iPad = UIInterfaceOrientationPortrait;
				IPHONEOS_DEPLOYMENT_TARGET = 17.6;
				LD_RUNPATH_SEARCH_PATHS = (
					"$(inherited)",
					"@executable_path/Frameworks",
				);
				MARKETING_VERSION = 1.0;
				PRODUCT_BUNDLE_IDENTIFIER = com.amorim.Forecastly;
				PRODUCT_NAME = "$(TARGET_NAME)";
				SUPPORTED_PLATFORMS = "iphoneos iphonesimulator";
				SUPPORTS_MACCATALYST = NO;
				SUPPORTS_MAC_DESIGNED_FOR_IPHONE_IPAD = NO;
				SUPPORTS_XR_DESIGNED_FOR_IPHONE_IPAD = NO;
				SWIFT_EMIT_LOC_STRINGS = YES;
				SWIFT_VERSION = 5.0;
				TARGETED_DEVICE_FAMILY = 1;
			};
			name = Release;
		};
		9878F67E2CED0A2100172B5B /* Debug */ = {
			isa = XCBuildConfiguration;
			buildSettings = {
				ALWAYS_SEARCH_USER_PATHS = NO;
				ASSETCATALOG_COMPILER_GENERATE_SWIFT_ASSET_SYMBOL_EXTENSIONS = YES;
				CLANG_ANALYZER_NONNULL = YES;
				CLANG_ANALYZER_NUMBER_OBJECT_CONVERSION = YES_AGGRESSIVE;
				CLANG_CXX_LANGUAGE_STANDARD = "gnu++20";
				CLANG_ENABLE_MODULES = YES;
				CLANG_ENABLE_OBJC_ARC = YES;
				CLANG_ENABLE_OBJC_WEAK = YES;
				CLANG_WARN_BLOCK_CAPTURE_AUTORELEASING = YES;
				CLANG_WARN_BOOL_CONVERSION = YES;
				CLANG_WARN_COMMA = YES;
				CLANG_WARN_CONSTANT_CONVERSION = YES;
				CLANG_WARN_DEPRECATED_OBJC_IMPLEMENTATIONS = YES;
				CLANG_WARN_DIRECT_OBJC_ISA_USAGE = YES_ERROR;
				CLANG_WARN_DOCUMENTATION_COMMENTS = YES;
				CLANG_WARN_EMPTY_BODY = YES;
				CLANG_WARN_ENUM_CONVERSION = YES;
				CLANG_WARN_INFINITE_RECURSION = YES;
				CLANG_WARN_INT_CONVERSION = YES;
				CLANG_WARN_NON_LITERAL_NULL_CONVERSION = YES;
				CLANG_WARN_OBJC_IMPLICIT_RETAIN_SELF = YES;
				CLANG_WARN_OBJC_LITERAL_CONVERSION = YES;
				CLANG_WARN_OBJC_ROOT_CLASS = YES_ERROR;
				CLANG_WARN_QUOTED_INCLUDE_IN_FRAMEWORK_HEADER = YES;
				CLANG_WARN_RANGE_LOOP_ANALYSIS = YES;
				CLANG_WARN_STRICT_PROTOTYPES = YES;
				CLANG_WARN_SUSPICIOUS_MOVE = YES;
				CLANG_WARN_UNGUARDED_AVAILABILITY = YES_AGGRESSIVE;
				CLANG_WARN_UNREACHABLE_CODE = YES;
				CLANG_WARN__DUPLICATE_METHOD_MATCH = YES;
				COPY_PHASE_STRIP = NO;
				DEBUG_INFORMATION_FORMAT = dwarf;
				ENABLE_STRICT_OBJC_MSGSEND = YES;
				ENABLE_TESTABILITY = YES;
				ENABLE_USER_SCRIPT_SANDBOXING = YES;
				GCC_C_LANGUAGE_STANDARD = gnu17;
				GCC_DYNAMIC_NO_PIC = NO;
				GCC_NO_COMMON_BLOCKS = YES;
				GCC_OPTIMIZATION_LEVEL = 0;
				GCC_PREPROCESSOR_DEFINITIONS = (
					"DEBUG=1",
					"$(inherited)",
				);
				GCC_WARN_64_TO_32_BIT_CONVERSION = YES;
				GCC_WARN_ABOUT_RETURN_TYPE = YES_ERROR;
				GCC_WARN_UNDECLARED_SELECTOR = YES;
				GCC_WARN_UNINITIALIZED_AUTOS = YES_AGGRESSIVE;
				GCC_WARN_UNUSED_FUNCTION = YES;
				GCC_WARN_UNUSED_VARIABLE = YES;
				IPHONEOS_DEPLOYMENT_TARGET = 18.0;
				LOCALIZATION_PREFERS_STRING_CATALOGS = YES;
				MTL_ENABLE_DEBUG_INFO = INCLUDE_SOURCE;
				MTL_FAST_MATH = YES;
				ONLY_ACTIVE_ARCH = YES;
				SDKROOT = iphoneos;
				SWIFT_ACTIVE_COMPILATION_CONDITIONS = "DEBUG $(inherited)";
				SWIFT_OPTIMIZATION_LEVEL = "-Onone";
			};
			name = Debug;
		};
		9878F67F2CED0A2100172B5B /* Release */ = {
			isa = XCBuildConfiguration;
			buildSettings = {
				ALWAYS_SEARCH_USER_PATHS = NO;
				ASSETCATALOG_COMPILER_GENERATE_SWIFT_ASSET_SYMBOL_EXTENSIONS = YES;
				CLANG_ANALYZER_NONNULL = YES;
				CLANG_ANALYZER_NUMBER_OBJECT_CONVERSION = YES_AGGRESSIVE;
				CLANG_CXX_LANGUAGE_STANDARD = "gnu++20";
				CLANG_ENABLE_MODULES = YES;
				CLANG_ENABLE_OBJC_ARC = YES;
				CLANG_ENABLE_OBJC_WEAK = YES;
				CLANG_WARN_BLOCK_CAPTURE_AUTORELEASING = YES;
				CLANG_WARN_BOOL_CONVERSION = YES;
				CLANG_WARN_COMMA = YES;
				CLANG_WARN_CONSTANT_CONVERSION = YES;
				CLANG_WARN_DEPRECATED_OBJC_IMPLEMENTATIONS = YES;
				CLANG_WARN_DIRECT_OBJC_ISA_USAGE = YES_ERROR;
				CLANG_WARN_DOCUMENTATION_COMMENTS = YES;
				CLANG_WARN_EMPTY_BODY = YES;
				CLANG_WARN_ENUM_CONVERSION = YES;
				CLANG_WARN_INFINITE_RECURSION = YES;
				CLANG_WARN_INT_CONVERSION = YES;
				CLANG_WARN_NON_LITERAL_NULL_CONVERSION = YES;
				CLANG_WARN_OBJC_IMPLICIT_RETAIN_SELF = YES;
				CLANG_WARN_OBJC_LITERAL_CONVERSION = YES;
				CLANG_WARN_OBJC_ROOT_CLASS = YES_ERROR;
				CLANG_WARN_QUOTED_INCLUDE_IN_FRAMEWORK_HEADER = YES;
				CLANG_WARN_RANGE_LOOP_ANALYSIS = YES;
				CLANG_WARN_STRICT_PROTOTYPES = YES;
				CLANG_WARN_SUSPICIOUS_MOVE = YES;
				CLANG_WARN_UNGUARDED_AVAILABILITY = YES_AGGRESSIVE;
				CLANG_WARN_UNREACHABLE_CODE = YES;
				CLANG_WARN__DUPLICATE_METHOD_MATCH = YES;
				COPY_PHASE_STRIP = NO;
				DEBUG_INFORMATION_FORMAT = "dwarf-with-dsym";
				ENABLE_NS_ASSERTIONS = NO;
				ENABLE_STRICT_OBJC_MSGSEND = YES;
				ENABLE_USER_SCRIPT_SANDBOXING = YES;
				GCC_C_LANGUAGE_STANDARD = gnu17;
				GCC_NO_COMMON_BLOCKS = YES;
				GCC_WARN_64_TO_32_BIT_CONVERSION = YES;
				GCC_WARN_ABOUT_RETURN_TYPE = YES_ERROR;
				GCC_WARN_UNDECLARED_SELECTOR = YES;
				GCC_WARN_UNINITIALIZED_AUTOS = YES_AGGRESSIVE;
				GCC_WARN_UNUSED_FUNCTION = YES;
				GCC_WARN_UNUSED_VARIABLE = YES;
				IPHONEOS_DEPLOYMENT_TARGET = 18.0;
				LOCALIZATION_PREFERS_STRING_CATALOGS = YES;
				MTL_ENABLE_DEBUG_INFO = NO;
				MTL_FAST_MATH = YES;
				SDKROOT = iphoneos;
				SWIFT_COMPILATION_MODE = wholemodule;
				VALIDATE_PRODUCT = YES;
			};
			name = Release;
		};
		9878F6812CED0A2100172B5B /* Debug */ = {
			isa = XCBuildConfiguration;
			buildSettings = {
				BUNDLE_LOADER = "$(TEST_HOST)";
				CODE_SIGN_STYLE = Automatic;
				CURRENT_PROJECT_VERSION = 1;
				DEVELOPMENT_TEAM = 9B6579F2U5;
				GENERATE_INFOPLIST_FILE = YES;
				IPHONEOS_DEPLOYMENT_TARGET = 18.0;
				MARKETING_VERSION = 1.0;
				PRODUCT_BUNDLE_IDENTIFIER = com.amorim.ForecastlyTests;
				PRODUCT_NAME = "$(TARGET_NAME)";
				SWIFT_EMIT_LOC_STRINGS = NO;
				SWIFT_VERSION = 5.0;
				TARGETED_DEVICE_FAMILY = "1,2";
				TEST_HOST = "$(BUILT_PRODUCTS_DIR)/Forecastly.app/$(BUNDLE_EXECUTABLE_FOLDER_PATH)/Forecastly";
			};
			name = Debug;
		};
		9878F6822CED0A2100172B5B /* Release */ = {
			isa = XCBuildConfiguration;
			buildSettings = {
				BUNDLE_LOADER = "$(TEST_HOST)";
				CODE_SIGN_STYLE = Automatic;
				CURRENT_PROJECT_VERSION = 1;
				DEVELOPMENT_TEAM = 9B6579F2U5;
				GENERATE_INFOPLIST_FILE = YES;
				IPHONEOS_DEPLOYMENT_TARGET = 18.0;
				MARKETING_VERSION = 1.0;
				PRODUCT_BUNDLE_IDENTIFIER = com.amorim.ForecastlyTests;
				PRODUCT_NAME = "$(TARGET_NAME)";
				SWIFT_EMIT_LOC_STRINGS = NO;
				SWIFT_VERSION = 5.0;
				TARGETED_DEVICE_FAMILY = "1,2";
				TEST_HOST = "$(BUILT_PRODUCTS_DIR)/Forecastly.app/$(BUNDLE_EXECUTABLE_FOLDER_PATH)/Forecastly";
			};
			name = Release;
		};
		9878F6842CED0A2100172B5B /* Debug */ = {
			isa = XCBuildConfiguration;
			buildSettings = {
				CODE_SIGN_STYLE = Automatic;
				CURRENT_PROJECT_VERSION = 1;
				DEVELOPMENT_TEAM = 9B6579F2U5;
				GENERATE_INFOPLIST_FILE = YES;
				MARKETING_VERSION = 1.0;
				PRODUCT_BUNDLE_IDENTIFIER = com.amorim.ForecastlyUITests;
				PRODUCT_NAME = "$(TARGET_NAME)";
				SWIFT_EMIT_LOC_STRINGS = NO;
				SWIFT_VERSION = 5.0;
				TARGETED_DEVICE_FAMILY = "1,2";
				TEST_TARGET_NAME = Forecastly;
			};
			name = Debug;
		};
		9878F6852CED0A2100172B5B /* Release */ = {
			isa = XCBuildConfiguration;
			buildSettings = {
				CODE_SIGN_STYLE = Automatic;
				CURRENT_PROJECT_VERSION = 1;
				DEVELOPMENT_TEAM = 9B6579F2U5;
				GENERATE_INFOPLIST_FILE = YES;
				MARKETING_VERSION = 1.0;
				PRODUCT_BUNDLE_IDENTIFIER = com.amorim.ForecastlyUITests;
				PRODUCT_NAME = "$(TARGET_NAME)";
				SWIFT_EMIT_LOC_STRINGS = NO;
				SWIFT_VERSION = 5.0;
				TARGETED_DEVICE_FAMILY = "1,2";
				TEST_TARGET_NAME = Forecastly;
			};
			name = Release;
		};
/* End XCBuildConfiguration section */

/* Begin XCConfigurationList section */
		9878F64F2CED0A1F00172B5B /* Build configuration list for PBXProject "Forecastly" */ = {
			isa = XCConfigurationList;
			buildConfigurations = (
				9878F67E2CED0A2100172B5B /* Debug */,
				9878F67F2CED0A2100172B5B /* Release */,
			);
			defaultConfigurationIsVisible = 0;
			defaultConfigurationName = Release;
		};
		9878F67B2CED0A2100172B5B /* Build configuration list for PBXNativeTarget "Forecastly" */ = {
			isa = XCConfigurationList;
			buildConfigurations = (
				9878F67C2CED0A2100172B5B /* Debug */,
				9878F67D2CED0A2100172B5B /* Release */,
			);
			defaultConfigurationIsVisible = 0;
			defaultConfigurationName = Release;
		};
		9878F6802CED0A2100172B5B /* Build configuration list for PBXNativeTarget "ForecastlyTests" */ = {
			isa = XCConfigurationList;
			buildConfigurations = (
				9878F6812CED0A2100172B5B /* Debug */,
				9878F6822CED0A2100172B5B /* Release */,
			);
			defaultConfigurationIsVisible = 0;
			defaultConfigurationName = Release;
		};
		9878F6832CED0A2100172B5B /* Build configuration list for PBXNativeTarget "ForecastlyUITests" */ = {
			isa = XCConfigurationList;
			buildConfigurations = (
				9878F6842CED0A2100172B5B /* Debug */,
				9878F6852CED0A2100172B5B /* Release */,
			);
			defaultConfigurationIsVisible = 0;
			defaultConfigurationName = Release;
		};
/* End XCConfigurationList section */
	};
	rootObject = 9878F64C2CED0A1F00172B5B /* Project object */;
}
